
Microsoft Visual Studio Solution File, Format Version 12.00
# Visual Studio Version 17
VisualStudioVersion = 17.5.002.0
MinimumVisualStudioVersion = 10.0.40219.1
Project("{9A19103F-16F7-4668-BE54-9A1E7A4F7556}") = "FSWatcherEngineEvent", "FSWatcherEngineEvent.csproj", "{5FC48D82-7F67-489A-8FA0-9DE96E59DA4B}"
EndProject
Global
	GlobalSection(SolutionConfigurationPlatforms) = preSolution
		Debug|Any CPU = Debug|Any CPU
		Release|Any CPU = Release|Any CPU
	EndGlobalSection
	GlobalSection(ProjectConfigurationPlatforms) = postSolution
		{5FC48D82-7F67-489A-8FA0-9DE96E59DA4B}.Debug|Any CPU.ActiveCfg = Debug|Any CPU
		{5FC48D82-7F67-489A-8FA0-9DE96E59DA4B}.Debug|Any CPU.Build.0 = Debug|Any CPU
		{5FC48D82-7F67-489A-8FA0-9DE96E59DA4B}.Release|Any CPU.ActiveCfg = Release|Any CPU
		{5FC48D82-7F67-489A-8FA0-9DE96E59DA4B}.Release|Any CPU.Build.0 = Release|Any CPU
	EndGlobalSection
	GlobalSection(SolutionProperties) = preSolution
		HideSolutionNode = FALSE
	EndGlobalSection
	GlobalSection(ExtensibilityGlobals) = postSolution
		SolutionGuid = {54A9B8F1-7C8A-4EA1-8F87-088E653F7986}
	EndGlobalSection
EndGlobal
