
Microsoft Visual Studio Solution File, Format Version 12.00
# Visual Studio 15
VisualStudioVersion = 15.0.26124.0
MinimumVisualStudioVersion = 15.0.26124.0
Project("{2150E333-8FDC-42A3-9474-1A3956D46DE8}") = "src", "src", "{DB2BAB71-49D0-43A6-B011-6140C53D5B80}"
EndProject
Project("{FAE04EC0-301F-11D3-BF4B-00C04F79EFBC}") = "FSWatcher", "src\FSWatcher\FSWatcher.csproj", "{5C74A753-26C9-4A52-B5A7-B384C2CA546F}"
EndProject
Project("{2150E333-8FDC-42A3-9474-1A3956D46DE8}") = "test", "test", "{9A184803-E987-48F1-A634-F0827C1417FF}"
EndProject
Project("{FAE04EC0-301F-11D3-BF4B-00C04F79EFBC}") = "FSWatcher.Test", "test\FSWatcher.Test\FSWatcher.Test.csproj", "{5F384A11-9AA8-41CE-91B1-EFB27BA0889E}"
EndProject
Project("{FAE04EC0-301F-11D3-BF4B-00C04F79EFBC}") = "FSWatcherEngineEvent", "src\FSWatcherEngineEvent\FSWatcherEngineEvent.csproj", "{DF9CE637-F27B-48BC-B816-0ED6A9C4EACB}"
EndProject
Project("{FAE04EC0-301F-11D3-BF4B-00C04F79EFBC}") = "FSWatcher.Test", "test\FSWatcherEngineEvent.Test\FSWatcher.Test.csproj", "{3A26881E-19D7-4727-8476-D40F8EF49DAB}"
EndProject
Project("{FAE04EC0-301F-11D3-BF4B-00C04F79EFBC}") = "FSWatcherEngineEvent", "test\FSWatcherEngineEvent.Test\FSWatcherEngineEvent.csproj", "{99F56869-CFF4-4F41-AD10-82653854D5B6}"
EndProject
Global
	GlobalSection(SolutionConfigurationPlatforms) = preSolution
		Debug|Any CPU = Debug|Any CPU
		Debug|x64 = Debug|x64
		Debug|x86 = Debug|x86
		Release|Any CPU = Release|Any CPU
		Release|x64 = Release|x64
		Release|x86 = Release|x86
	EndGlobalSection
	GlobalSection(SolutionProperties) = preSolution
		HideSolutionNode = FALSE
	EndGlobalSection
	GlobalSection(ProjectConfigurationPlatforms) = postSolution
		{5C74A753-26C9-4A52-B5A7-B384C2CA546F}.Debug|Any CPU.ActiveCfg = Debug|Any CPU
		{5C74A753-26C9-4A52-B5A7-B384C2CA546F}.Debug|Any CPU.Build.0 = Debug|Any CPU
		{5C74A753-26C9-4A52-B5A7-B384C2CA546F}.Debug|x64.ActiveCfg = Debug|Any CPU
		{5C74A753-26C9-4A52-B5A7-B384C2CA546F}.Debug|x64.Build.0 = Debug|Any CPU
		{5C74A753-26C9-4A52-B5A7-B384C2CA546F}.Debug|x86.ActiveCfg = Debug|Any CPU
		{5C74A753-26C9-4A52-B5A7-B384C2CA546F}.Debug|x86.Build.0 = Debug|Any CPU
		{5C74A753-26C9-4A52-B5A7-B384C2CA546F}.Release|Any CPU.ActiveCfg = Release|Any CPU
		{5C74A753-26C9-4A52-B5A7-B384C2CA546F}.Release|Any CPU.Build.0 = Release|Any CPU
		{5C74A753-26C9-4A52-B5A7-B384C2CA546F}.Release|x64.ActiveCfg = Release|Any CPU
		{5C74A753-26C9-4A52-B5A7-B384C2CA546F}.Release|x64.Build.0 = Release|Any CPU
		{5C74A753-26C9-4A52-B5A7-B384C2CA546F}.Release|x86.ActiveCfg = Release|Any CPU
		{5C74A753-26C9-4A52-B5A7-B384C2CA546F}.Release|x86.Build.0 = Release|Any CPU
		{5F384A11-9AA8-41CE-91B1-EFB27BA0889E}.Debug|Any CPU.ActiveCfg = Debug|Any CPU
		{5F384A11-9AA8-41CE-91B1-EFB27BA0889E}.Debug|Any CPU.Build.0 = Debug|Any CPU
		{5F384A11-9AA8-41CE-91B1-EFB27BA0889E}.Debug|x64.ActiveCfg = Debug|Any CPU
		{5F384A11-9AA8-41CE-91B1-EFB27BA0889E}.Debug|x64.Build.0 = Debug|Any CPU
		{5F384A11-9AA8-41CE-91B1-EFB27BA0889E}.Debug|x86.ActiveCfg = Debug|Any CPU
		{5F384A11-9AA8-41CE-91B1-EFB27BA0889E}.Debug|x86.Build.0 = Debug|Any CPU
		{5F384A11-9AA8-41CE-91B1-EFB27BA0889E}.Release|Any CPU.ActiveCfg = Release|Any CPU
		{5F384A11-9AA8-41CE-91B1-EFB27BA0889E}.Release|Any CPU.Build.0 = Release|Any CPU
		{5F384A11-9AA8-41CE-91B1-EFB27BA0889E}.Release|x64.ActiveCfg = Release|Any CPU
		{5F384A11-9AA8-41CE-91B1-EFB27BA0889E}.Release|x64.Build.0 = Release|Any CPU
		{5F384A11-9AA8-41CE-91B1-EFB27BA0889E}.Release|x86.ActiveCfg = Release|Any CPU
		{5F384A11-9AA8-41CE-91B1-EFB27BA0889E}.Release|x86.Build.0 = Release|Any CPU
		{DF9CE637-F27B-48BC-B816-0ED6A9C4EACB}.Debug|Any CPU.ActiveCfg = Debug|Any CPU
		{DF9CE637-F27B-48BC-B816-0ED6A9C4EACB}.Debug|Any CPU.Build.0 = Debug|Any CPU
		{DF9CE637-F27B-48BC-B816-0ED6A9C4EACB}.Debug|x64.ActiveCfg = Debug|Any CPU
		{DF9CE637-F27B-48BC-B816-0ED6A9C4EACB}.Debug|x64.Build.0 = Debug|Any CPU
		{DF9CE637-F27B-48BC-B816-0ED6A9C4EACB}.Debug|x86.ActiveCfg = Debug|Any CPU
		{DF9CE637-F27B-48BC-B816-0ED6A9C4EACB}.Debug|x86.Build.0 = Debug|Any CPU
		{DF9CE637-F27B-48BC-B816-0ED6A9C4EACB}.Release|Any CPU.ActiveCfg = Release|Any CPU
		{DF9CE637-F27B-48BC-B816-0ED6A9C4EACB}.Release|Any CPU.Build.0 = Release|Any CPU
		{DF9CE637-F27B-48BC-B816-0ED6A9C4EACB}.Release|x64.ActiveCfg = Release|Any CPU
		{DF9CE637-F27B-48BC-B816-0ED6A9C4EACB}.Release|x64.Build.0 = Release|Any CPU
		{DF9CE637-F27B-48BC-B816-0ED6A9C4EACB}.Release|x86.ActiveCfg = Release|Any CPU
		{DF9CE637-F27B-48BC-B816-0ED6A9C4EACB}.Release|x86.Build.0 = Release|Any CPU
		{3A26881E-19D7-4727-8476-D40F8EF49DAB}.Debug|Any CPU.ActiveCfg = Debug|Any CPU
		{3A26881E-19D7-4727-8476-D40F8EF49DAB}.Debug|Any CPU.Build.0 = Debug|Any CPU
		{3A26881E-19D7-4727-8476-D40F8EF49DAB}.Debug|x64.ActiveCfg = Debug|Any CPU
		{3A26881E-19D7-4727-8476-D40F8EF49DAB}.Debug|x64.Build.0 = Debug|Any CPU
		{3A26881E-19D7-4727-8476-D40F8EF49DAB}.Debug|x86.ActiveCfg = Debug|Any CPU
		{3A26881E-19D7-4727-8476-D40F8EF49DAB}.Debug|x86.Build.0 = Debug|Any CPU
		{3A26881E-19D7-4727-8476-D40F8EF49DAB}.Release|Any CPU.ActiveCfg = Release|Any CPU
		{3A26881E-19D7-4727-8476-D40F8EF49DAB}.Release|Any CPU.Build.0 = Release|Any CPU
		{3A26881E-19D7-4727-8476-D40F8EF49DAB}.Release|x64.ActiveCfg = Release|Any CPU
		{3A26881E-19D7-4727-8476-D40F8EF49DAB}.Release|x64.Build.0 = Release|Any CPU
		{3A26881E-19D7-4727-8476-D40F8EF49DAB}.Release|x86.ActiveCfg = Release|Any CPU
		{3A26881E-19D7-4727-8476-D40F8EF49DAB}.Release|x86.Build.0 = Release|Any CPU
		{99F56869-CFF4-4F41-AD10-82653854D5B6}.Debug|Any CPU.ActiveCfg = Debug|Any CPU
		{99F56869-CFF4-4F41-AD10-82653854D5B6}.Debug|Any CPU.Build.0 = Debug|Any CPU
		{99F56869-CFF4-4F41-AD10-82653854D5B6}.Debug|x64.ActiveCfg = Debug|Any CPU
		{99F56869-CFF4-4F41-AD10-82653854D5B6}.Debug|x64.Build.0 = Debug|Any CPU
		{99F56869-CFF4-4F41-AD10-82653854D5B6}.Debug|x86.ActiveCfg = Debug|Any CPU
		{99F56869-CFF4-4F41-AD10-82653854D5B6}.Debug|x86.Build.0 = Debug|Any CPU
		{99F56869-CFF4-4F41-AD10-82653854D5B6}.Release|Any CPU.ActiveCfg = Release|Any CPU
		{99F56869-CFF4-4F41-AD10-82653854D5B6}.Release|Any CPU.Build.0 = Release|Any CPU
		{99F56869-CFF4-4F41-AD10-82653854D5B6}.Release|x64.ActiveCfg = Release|Any CPU
		{99F56869-CFF4-4F41-AD10-82653854D5B6}.Release|x64.Build.0 = Release|Any CPU
		{99F56869-CFF4-4F41-AD10-82653854D5B6}.Release|x86.ActiveCfg = Release|Any CPU
		{99F56869-CFF4-4F41-AD10-82653854D5B6}.Release|x86.Build.0 = Release|Any CPU
	EndGlobalSection
	GlobalSection(NestedProjects) = preSolution
		{5C74A753-26C9-4A52-B5A7-B384C2CA546F} = {DB2BAB71-49D0-43A6-B011-6140C53D5B80}
		{5F384A11-9AA8-41CE-91B1-EFB27BA0889E} = {9A184803-E987-48F1-A634-F0827C1417FF}
		{DF9CE637-F27B-48BC-B816-0ED6A9C4EACB} = {DB2BAB71-49D0-43A6-B011-6140C53D5B80}
		{3A26881E-19D7-4727-8476-D40F8EF49DAB} = {9A184803-E987-48F1-A634-F0827C1417FF}
		{99F56869-CFF4-4F41-AD10-82653854D5B6} = {9A184803-E987-48F1-A634-F0827C1417FF}
	EndGlobalSection
EndGlobal
