
Microsoft Visual Studio Solution File, Format Version 12.00
# Visual Studio Version 17
VisualStudioVersion = 17.4.33213.308
MinimumVisualStudioVersion = 15.0.26124.0
Project("{2150E333-8FDC-42A3-9474-1A3956D46DE8}") = "src", "src", "{DB2BAB71-49D0-43A6-B011-6140C53D5B80}"
EndProject
Project("{2150E333-8FDC-42A3-9474-1A3956D46DE8}") = "test", "test", "{9A184803-E987-48F1-A634-F0827C1417FF}"
EndProject
Project("{9A19103F-16F7-4668-BE54-9A1E7A4F7556}") = "FSWatcherEngineEvent", "src\FSWatcherEngineEvent\FSWatcherEngineEvent.csproj", "{DF9CE637-F27B-48BC-B816-0ED6A9C4EACB}"
EndProject
Project("{9A19103F-16F7-4668-BE54-9A1E7A4F7556}") = "FSWatcherEngineEvent.Test", "test\FSWatcherEngineEvent.Test\FSWatcherEngineEvent.Test.csproj", "{99F56869-CFF4-4F41-AD10-82653854D5B6}"
EndProject
Project("{2150E333-8FDC-42A3-9474-1A3956D46DE8}") = "Solution Items", "Solution Items", "{B47654D8-617D-416D-989A-CE9B613CAE97}"
	ProjectSection(SolutionItems) = preProject
		README.md = README.md
	EndProjectSection
EndProject
Global
	GlobalSection(SolutionConfigurationPlatforms) = preSolution
		Debug|Any CPU = Debug|Any CPU
		Debug|x64 = Debug|x64
		Debug|x86 = Debug|x86
		Release|Any CPU = Release|Any CPU
		Release|x64 = Release|x64
		Release|x86 = Release|x86
	EndGlobalSection
	GlobalSection(ProjectConfigurationPlatforms) = postSolution
		{DF9CE637-F27B-48BC-B816-0ED6A9C4EACB}.Debug|Any CPU.ActiveCfg = Debug|Any CPU
		{DF9CE637-F27B-48BC-B816-0ED6A9C4EACB}.Debug|Any CPU.Build.0 = Debug|Any CPU
		{DF9CE637-F27B-48BC-B816-0ED6A9C4EACB}.Debug|x64.ActiveCfg = Debug|Any CPU
		{DF9CE637-F27B-48BC-B816-0ED6A9C4EACB}.Debug|x64.Build.0 = Debug|Any CPU
		{DF9CE637-F27B-48BC-B816-0ED6A9C4EACB}.Debug|x86.ActiveCfg = Debug|Any CPU
		{DF9CE637-F27B-48BC-B816-0ED6A9C4EACB}.Debug|x86.Build.0 = Debug|Any CPU
		{DF9CE637-F27B-48BC-B816-0ED6A9C4EACB}.Release|Any CPU.ActiveCfg = Release|Any CPU
		{DF9CE637-F27B-48BC-B816-0ED6A9C4EACB}.Release|Any CPU.Build.0 = Release|Any CPU
		{DF9CE637-F27B-48BC-B816-0ED6A9C4EACB}.Release|x64.ActiveCfg = Release|Any CPU
		{DF9CE637-F27B-48BC-B816-0ED6A9C4EACB}.Release|x64.Build.0 = Release|Any CPU
		{DF9CE637-F27B-48BC-B816-0ED6A9C4EACB}.Release|x86.ActiveCfg = Release|Any CPU
		{DF9CE637-F27B-48BC-B816-0ED6A9C4EACB}.Release|x86.Build.0 = Release|Any CPU
		{99F56869-CFF4-4F41-AD10-82653854D5B6}.Debug|Any CPU.ActiveCfg = Debug|Any CPU
		{99F56869-CFF4-4F41-AD10-82653854D5B6}.Debug|Any CPU.Build.0 = Debug|Any CPU
		{99F56869-CFF4-4F41-AD10-82653854D5B6}.Debug|x64.ActiveCfg = Debug|Any CPU
		{99F56869-CFF4-4F41-AD10-82653854D5B6}.Debug|x64.Build.0 = Debug|Any CPU
		{99F56869-CFF4-4F41-AD10-82653854D5B6}.Debug|x86.ActiveCfg = Debug|Any CPU
		{99F56869-CFF4-4F41-AD10-82653854D5B6}.Debug|x86.Build.0 = Debug|Any CPU
		{99F56869-CFF4-4F41-AD10-82653854D5B6}.Release|Any CPU.ActiveCfg = Release|Any CPU
		{99F56869-CFF4-4F41-AD10-82653854D5B6}.Release|Any CPU.Build.0 = Release|Any CPU
		{99F56869-CFF4-4F41-AD10-82653854D5B6}.Release|x64.ActiveCfg = Release|Any CPU
		{99F56869-CFF4-4F41-AD10-82653854D5B6}.Release|x64.Build.0 = Release|Any CPU
		{99F56869-CFF4-4F41-AD10-82653854D5B6}.Release|x86.ActiveCfg = Release|Any CPU
		{99F56869-CFF4-4F41-AD10-82653854D5B6}.Release|x86.Build.0 = Release|Any CPU
	EndGlobalSection
	GlobalSection(SolutionProperties) = preSolution
		HideSolutionNode = FALSE
	EndGlobalSection
	GlobalSection(NestedProjects) = preSolution
		{DF9CE637-F27B-48BC-B816-0ED6A9C4EACB} = {DB2BAB71-49D0-43A6-B011-6140C53D5B80}
		{99F56869-CFF4-4F41-AD10-82653854D5B6} = {9A184803-E987-48F1-A634-F0827C1417FF}
	EndGlobalSection
	GlobalSection(ExtensibilityGlobals) = postSolution
		SolutionGuid = {97E64853-D0CB-4761-8C02-9672D12263EC}
	EndGlobalSection
EndGlobal
